{
  "name": "cm-chessboard-capture-them-all",
  "version": "1.0.0",
  "lockfileVersion": 3,
  "requires": true,
  "packages": {
    "": {
      "name": "cm-chessboard-capture-them-all",
      "version": "1.0.0",
      "license": "MIT",
      "dependencies": {
        "canvas-confetti": "^1.9.4",
        "cm-chessboard": "^8.10.1",
        "cm-web-modules": "^2.4.4"
      },
      "devDependencies": {
        "extreme-minimal-css": "^1.2.1"
      }
    },
    "node_modules/canvas-confetti": {
      "version": "1.9.4",
      "resolved": "https://registry.npmjs.org/canvas-confetti/-/canvas-confetti-1.9.4.tgz",
      "integrity": "sha512-yxQbJkAVrFXWNbTUjPqjF7G+g6pDotOUHGbkZq2NELZUMDpiJ85rIEazVb8GTaAptNW2miJAXbs1BtioA251Pw==",
      "license": "ISC",
      "funding": {
        "type": "donate",
        "url": "https://www.paypal.me/kirilvatev"
      }
    },
    "node_modules/cm-chessboard": {
      "version": "8.10.1",
      "resolved": "https://registry.npmjs.org/cm-chessboard/-/cm-chessboard-8.10.1.tgz",
      "integrity": "sha512-0DlojveIb33Yy0hyjP57cXyVpBox7KiMAL5rrD4xwTUQulZ91iQGxM0jL1n/gaR8f+Sg4LrSe9E134U7dhXHrg=="
    },
    "node_modules/cm-web-modules": {
      "version": "2.4.4",
      "resolved": "https://registry.npmjs.org/cm-web-modules/-/cm-web-modules-2.4.4.tgz",
      "integrity": "sha512-lbV1GgL4RdsiEiGA87L4GB8R2UNbj0itWx7sj6rWMA3rccF+lZyOGGjjeRPlVN6aJl4QMZUGChuOGSFR3yGcDQ==",
      "license": "MIT"
    },
    "node_modules/extreme-minimal-css": {
      "version": "1.2.1",
      "resolved": "https://registry.npmjs.org/extreme-minimal-css/-/extreme-minimal-css-1.2.1.tgz",
      "integrity": "sha512-CP/sN+Fq4I1N2DjgC01KPvQx8rH4Ibo479NFt0R0zP0Mib9NZGa9mflef9DTY/vT2JoYNouekwjLtPxDLdHn6Q==",
      "dev": true
    }
  }
}
