{
  "name": "cm-chessboard-capture-them-all",
  "version": "1.0.0",
  "lockfileVersion": 3,
  "requires": true,
  "packages": {
    "": {
      "name": "cm-chessboard-capture-them-all",
      "version": "1.0.0",
      "license": "MIT",
      "dependencies": {
        "cm-chessboard": "^8.7.8"
      },
      "devDependencies": {
        "extreme-minimal-css": "^1.2.1"
      }
    },
    "node_modules/cm-chessboard": {
      "version": "8.7.8",
      "resolved": "https://registry.npmjs.org/cm-chessboard/-/cm-chessboard-8.7.8.tgz",
      "integrity": "sha512-/6S1IHQ8EQu3q48Q/4tudsxeJVB7qgDAaEYQ9MsAyMoxEQaB/V7biRCE2hTvuV0v3eXLS+WxBIOhn5zbI2xgGg==",
      "license": "MIT"
    },
    "node_modules/extreme-minimal-css": {
      "version": "1.2.1",
      "resolved": "https://registry.npmjs.org/extreme-minimal-css/-/extreme-minimal-css-1.2.1.tgz",
      "integrity": "sha512-CP/sN+Fq4I1N2DjgC01KPvQx8rH4Ibo479NFt0R0zP0Mib9NZGa9mflef9DTY/vT2JoYNouekwjLtPxDLdHn6Q==",
      "dev": true
    }
  }
}
